
Microsoft Visual Studio Solution File, Format Version 12.00
# Visual Studio Version 17
VisualStudioVersion = 17.7.34024.191
MinimumVisualStudioVersion = 10.0.40219.1
Project("{FAE04EC0-301F-11D3-BF4B-00C04F79EFBC}") = "OOP Övning 4", "OOP Övning 4\OOP Övning 4.csproj", "{2A148511-B219-4D08-887D-864BF923108C}"
EndProject
Global
	GlobalSection(SolutionConfigurationPlatforms) = preSolution
		Debug|Any CPU = Debug|Any CPU
		Release|Any CPU = Release|Any CPU
	EndGlobalSection
	GlobalSection(ProjectConfigurationPlatforms) = postSolution
		{2A148511-B219-4D08-887D-864BF923108C}.Debug|Any CPU.ActiveCfg = Debug|Any CPU
		{2A148511-B219-4D08-887D-864BF923108C}.Debug|Any CPU.Build.0 = Debug|Any CPU
		{2A148511-B219-4D08-887D-864BF923108C}.Release|Any CPU.ActiveCfg = Release|Any CPU
		{2A148511-B219-4D08-887D-864BF923108C}.Release|Any CPU.Build.0 = Release|Any CPU
	EndGlobalSection
	GlobalSection(SolutionProperties) = preSolution
		HideSolutionNode = FALSE
	EndGlobalSection
	GlobalSection(ExtensibilityGlobals) = postSolution
		SolutionGuid = {0BE65C04-AE4A-4B51-82EE-5D3B0103602D}
	EndGlobalSection
EndGlobal
